
Microsoft Visual Studio Solution File, Format Version 12.00
# Visual Studio Version 17
VisualStudioVersion = 17.12.35707.178 d17.12
MinimumVisualStudioVersion = 10.0.40219.1
Project("{FAE04EC0-301F-11D3-BF4B-00C04F79EFBC}") = "PSIV10", "PSIV10\PSIV10.csproj", "{9306A6D6-432A-4DE2-ACD6-609BEABB31B4}"
EndProject
Project("{FAE04EC0-301F-11D3-BF4B-00C04F79EFBC}") = "PSVI10 Test", "PSVI10 Test\PSVI10 Test.csproj", "{FDDB65B5-E731-4E6F-9357-802FA8AFCBC2}"
EndProject
Global
	GlobalSection(SolutionConfigurationPlatforms) = preSolution
		Debug|Any CPU = Debug|Any CPU
		Release|Any CPU = Release|Any CPU
	EndGlobalSection
	GlobalSection(ProjectConfigurationPlatforms) = postSolution
		{9306A6D6-432A-4DE2-ACD6-609BEABB31B4}.Debug|Any CPU.ActiveCfg = Debug|Any CPU
		{9306A6D6-432A-4DE2-ACD6-609BEABB31B4}.Debug|Any CPU.Build.0 = Debug|Any CPU
		{9306A6D6-432A-4DE2-ACD6-609BEABB31B4}.Release|Any CPU.ActiveCfg = Release|Any CPU
		{9306A6D6-432A-4DE2-ACD6-609BEABB31B4}.Release|Any CPU.Build.0 = Release|Any CPU
		{FDDB65B5-E731-4E6F-9357-802FA8AFCBC2}.Debug|Any CPU.ActiveCfg = Debug|Any CPU
		{FDDB65B5-E731-4E6F-9357-802FA8AFCBC2}.Debug|Any CPU.Build.0 = Debug|Any CPU
		{FDDB65B5-E731-4E6F-9357-802FA8AFCBC2}.Release|Any CPU.ActiveCfg = Release|Any CPU
		{FDDB65B5-E731-4E6F-9357-802FA8AFCBC2}.Release|Any CPU.Build.0 = Release|Any CPU
	EndGlobalSection
	GlobalSection(SolutionProperties) = preSolution
		HideSolutionNode = FALSE
	EndGlobalSection
EndGlobal
